
Microsoft Visual Studio Solution File, Format Version 12.00
# Visual Studio 15
VisualStudioVersion = 15.0.26730.15
MinimumVisualStudioVersion = 10.0.40219.1
Project("{FAE04EC0-301F-11D3-BF4B-00C04F79EFBC}") = "WebAPI", "WebAPI\WebAPI.csproj", "{A3146990-DA93-4B9E-83C0-1784A58A8B3F}"
EndProject
Project("{FAE04EC0-301F-11D3-BF4B-00C04F79EFBC}") = "WebAPITest", "WebAPITest\WebAPITest.csproj", "{8C232786-3E9B-491B-A3BB-7088E68F1C25}"
EndProject
Global
	GlobalSection(SolutionConfigurationPlatforms) = preSolution
		Debug|Any CPU = Debug|Any CPU
		Release|Any CPU = Release|Any CPU
	EndGlobalSection
	GlobalSection(ProjectConfigurationPlatforms) = postSolution
		{A3146990-DA93-4B9E-83C0-1784A58A8B3F}.Debug|Any CPU.ActiveCfg = Debug|Any CPU
		{A3146990-DA93-4B9E-83C0-1784A58A8B3F}.Debug|Any CPU.Build.0 = Debug|Any CPU
		{A3146990-DA93-4B9E-83C0-1784A58A8B3F}.Release|Any CPU.ActiveCfg = Release|Any CPU
		{A3146990-DA93-4B9E-83C0-1784A58A8B3F}.Release|Any CPU.Build.0 = Release|Any CPU
		{8C232786-3E9B-491B-A3BB-7088E68F1C25}.Debug|Any CPU.ActiveCfg = Debug|Any CPU
		{8C232786-3E9B-491B-A3BB-7088E68F1C25}.Debug|Any CPU.Build.0 = Debug|Any CPU
		{8C232786-3E9B-491B-A3BB-7088E68F1C25}.Release|Any CPU.ActiveCfg = Release|Any CPU
		{8C232786-3E9B-491B-A3BB-7088E68F1C25}.Release|Any CPU.Build.0 = Release|Any CPU
	EndGlobalSection
	GlobalSection(SolutionProperties) = preSolution
		HideSolutionNode = FALSE
	EndGlobalSection
	GlobalSection(ExtensibilityGlobals) = postSolution
		SolutionGuid = {D4D6361B-42C9-4BEB-9F6D-6CC156DDB612}
	EndGlobalSection
EndGlobal
